{
  "nodes": {
    "nixpkgs": {
      "locked": {
        "lastModified": 1774799055,
        "narHash": "sha256-Tsq9BCz0q47ej1uFF39m4tuhcwru/ls6vCCJzutEpaw=",
        "owner": "NixOS",
        "repo": "nixpkgs",
        "rev": "107cba9eb4a8d8c9f8e9e61266d78d340867913a",
        "type": "github"
      },
      "original": {
        "owner": "NixOS",
        "ref": "nixos-25.11",
        "repo": "nixpkgs",
        "type": "github"
      }
    },
    "root": {
      "inputs": {
        "nixpkgs": "nixpkgs",
        "rust-overlay": "rust-overlay"
      }
    },
    "rust-overlay": {
      "inputs": {
        "nixpkgs": [
          "nixpkgs"
        ]
      },
      "locked": {
        "lastModified": 1784265529,
        "narHash": "sha256-ohQQiPOngux8ofsrSlloHCMDhRMvocXqJiG8uH45Q5k=",
        "owner": "oxalica",
        "repo": "rust-overlay",
        "rev": "068175006cfb69d5b541a140ed93e361488c9e53",
        "type": "github"
      },
      "original": {
        "owner": "oxalica",
        "repo": "rust-overlay",
        "type": "github"
      }
    }
  },
  "root": "root",
  "version": 7
}
